
Microsoft Visual Studio Solution File, Format Version 12.00
# Visual Studio Version 16
VisualStudioVersion = 16.0.30717.126
MinimumVisualStudioVersion = 10.0.40219.1
Project("{FAE04EC0-301F-11D3-BF4B-00C04F79EFBC}") = "object oriented programming", "object oriented programming.csproj", "{BEBBD268-4FAD-4C55-BED3-5DF446B21D13}"
EndProject
Global
	GlobalSection(SolutionConfigurationPlatforms) = preSolution
		Debug|Any CPU = Debug|Any CPU
		Release|Any CPU = Release|Any CPU
	EndGlobalSection
	GlobalSection(ProjectConfigurationPlatforms) = postSolution
		{BEBBD268-4FAD-4C55-BED3-5DF446B21D13}.Debug|Any CPU.ActiveCfg = Debug|Any CPU
		{BEBBD268-4FAD-4C55-BED3-5DF446B21D13}.Debug|Any CPU.Build.0 = Debug|Any CPU
		{BEBBD268-4FAD-4C55-BED3-5DF446B21D13}.Release|Any CPU.ActiveCfg = Release|Any CPU
		{BEBBD268-4FAD-4C55-BED3-5DF446B21D13}.Release|Any CPU.Build.0 = Release|Any CPU
	EndGlobalSection
	GlobalSection(SolutionProperties) = preSolution
		HideSolutionNode = FALSE
	EndGlobalSection
	GlobalSection(ExtensibilityGlobals) = postSolution
		SolutionGuid = {EE547E62-2A55-42CD-A263-936F49F99758}
	EndGlobalSection
EndGlobal
